// !$*UTF8*$!
{
	archiveVersion = 1;
	classes = {
	};
	objectVersion = 55;
	objects = {

/* Begin PBXBuildFile section */
		091224E3290870F300911D1B /* LaunchScreen.storyboard in Resources */ = {isa = PBXBuildFile; fileRef = 091224D2290870F300911D1B /* LaunchScreen.storyboard */; };
		091224E4290870F300911D1B /* Main.storyboard in Resources */ = {isa = PBXBuildFile; fileRef = 091224D4290870F300911D1B /* Main.storyboard */; };
		091224E5290870F300911D1B /* Assets.xcassets in Resources */ = {isa = PBXBuildFile; fileRef = 091224D7290870F300911D1B /* Assets.xcassets */; };
		091224E7290870F300911D1B /* NetworkLayer.swift in Sources */ = {isa = PBXBuildFile; fileRef = 091224DA290870F300911D1B /* NetworkLayer.swift */; };
		091224E8290870F300911D1B /* AppDelegate.swift in Sources */ = {isa = PBXBuildFile; fileRef = 091224DD290870F300911D1B /* AppDelegate.swift */; };
		091224E9290870F300911D1B /* HomeViewController.swift in Sources */ = {isa = PBXBuildFile; fileRef = 091224E2290870F300911D1B /* HomeViewController.swift */; };
		091224EB290877E800911D1B /* NetworkManager.swift in Sources */ = {isa = PBXBuildFile; fileRef = 091224EA290877E800911D1B /* NetworkManager.swift */; };
		0934CC7C290C7B3900FDA506 /* AppDefaults.swift in Sources */ = {isa = PBXBuildFile; fileRef = 0934CC7B290C7B3900FDA506 /* AppDefaults.swift */; };
		0934CC7F290C866000FDA506 /* ImageCollectionViewCell.swift in Sources */ = {isa = PBXBuildFile; fileRef = 0934CC7E290C866000FDA506 /* ImageCollectionViewCell.swift */; };
		09672F6B290AFC1600F1C7D8 /* BaseViewController.swift in Sources */ = {isa = PBXBuildFile; fileRef = 09672F6A290AFC1600F1C7D8 /* BaseViewController.swift */; };
		09672F6D290B091600F1C7D8 /* GetBreedImagesUsecase.swift in Sources */ = {isa = PBXBuildFile; fileRef = 09672F6C290B091600F1C7D8 /* GetBreedImagesUsecase.swift */; };
		09672F6F290B09FF00F1C7D8 /* DogImageModel.swift in Sources */ = {isa = PBXBuildFile; fileRef = 09672F6E290B09FF00F1C7D8 /* DogImageModel.swift */; };
		09672F71290B0A4E00F1C7D8 /* BreedDetailRepository.swift in Sources */ = {isa = PBXBuildFile; fileRef = 09672F70290B0A4E00F1C7D8 /* BreedDetailRepository.swift */; };
		09672F73290B0A6800F1C7D8 /* BreedDetailRemoteDatasource.swift in Sources */ = {isa = PBXBuildFile; fileRef = 09672F72290B0A6800F1C7D8 /* BreedDetailRemoteDatasource.swift */; };
		09672F75290B0E5300F1C7D8 /* ImageDownloader.swift in Sources */ = {isa = PBXBuildFile; fileRef = 09672F74290B0E5300F1C7D8 /* ImageDownloader.swift */; };
		09B020512909B6FC00E6AF8A /* DogBreedsModel.swift in Sources */ = {isa = PBXBuildFile; fileRef = 09B020502909B6FC00E6AF8A /* DogBreedsModel.swift */; };
		09B0205A2909BCFC00E6AF8A /* HomeViewModel.swift in Sources */ = {isa = PBXBuildFile; fileRef = 09B020592909BCFC00E6AF8A /* HomeViewModel.swift */; };
		09B0205C2909BD0B00E6AF8A /* GetAllBreedsUsecase.swift in Sources */ = {isa = PBXBuildFile; fileRef = 09B0205B2909BD0B00E6AF8A /* GetAllBreedsUsecase.swift */; };
		09B020602909BD6700E6AF8A /* HomeDependencyProvider.swift in Sources */ = {isa = PBXBuildFile; fileRef = 09B0205F2909BD6700E6AF8A /* HomeDependencyProvider.swift */; };
		09B020622909BE0300E6AF8A /* HomeRepository.swift in Sources */ = {isa = PBXBuildFile; fileRef = 09B020612909BE0300E6AF8A /* HomeRepository.swift */; };
		09B020642909BE0D00E6AF8A /* HomeRemoteDatasource.swift in Sources */ = {isa = PBXBuildFile; fileRef = 09B020632909BE0D00E6AF8A /* HomeRemoteDatasource.swift */; };
		09B020662909CA8C00E6AF8A /* HomeTableViewCell.swift in Sources */ = {isa = PBXBuildFile; fileRef = 09B020652909CA8C00E6AF8A /* HomeTableViewCell.swift */; };
		09B020682909D08700E6AF8A /* AppRouter.swift in Sources */ = {isa = PBXBuildFile; fileRef = 09B020672909D08700E6AF8A /* AppRouter.swift */; };
		09B0206A2909D47700E6AF8A /* HomeNavigationViewController.swift in Sources */ = {isa = PBXBuildFile; fileRef = 09B020692909D47700E6AF8A /* HomeNavigationViewController.swift */; };
		09B0206C2909D4D400E6AF8A /* Extensions.swift in Sources */ = {isa = PBXBuildFile; fileRef = 09B0206B2909D4D400E6AF8A /* Extensions.swift */; };
		09B0206E2909DDA100E6AF8A /* BreedDetailViewController.swift in Sources */ = {isa = PBXBuildFile; fileRef = 09B0206D2909DDA100E6AF8A /* BreedDetailViewController.swift */; };
		09B020702909DE2E00E6AF8A /* BreedDetailDependencyProvider.swift in Sources */ = {isa = PBXBuildFile; fileRef = 09B0206F2909DE2E00E6AF8A /* BreedDetailDependencyProvider.swift */; };
		09B020722909DEC900E6AF8A /* BreedDetailViewModel.swift in Sources */ = {isa = PBXBuildFile; fileRef = 09B020712909DEC900E6AF8A /* BreedDetailViewModel.swift */; };
		09B020742909DF4B00E6AF8A /* FavouriteBreedUsecase.swift in Sources */ = {isa = PBXBuildFile; fileRef = 09B020732909DF4B00E6AF8A /* FavouriteBreedUsecase.swift */; };
		09CA4713290D22F400FED777 /* DBManager.swift in Sources */ = {isa = PBXBuildFile; fileRef = 09CA4712290D22F400FED777 /* DBManager.swift */; };
		09CA4715290D235500FED777 /* RealmImageModel.swift in Sources */ = {isa = PBXBuildFile; fileRef = 09CA4714290D235500FED777 /* RealmImageModel.swift */; };
		09CA4717290D4DFB00FED777 /* BreedNameCollectionViewCell.swift in Sources */ = {isa = PBXBuildFile; fileRef = 09CA4716290D4DFB00FED777 /* BreedNameCollectionViewCell.swift */; };
		09CA471B290D4EA800FED777 /* FavouriteBreedViewController.swift in Sources */ = {isa = PBXBuildFile; fileRef = 09CA471A290D4EA800FED777 /* FavouriteBreedViewController.swift */; };
		09CA471D290D50FD00FED777 /* FavouriteBreedViewModel.swift in Sources */ = {isa = PBXBuildFile; fileRef = 09CA471C290D50FD00FED777 /* FavouriteBreedViewModel.swift */; };
		09CA471F290D523300FED777 /* GetFavouriteBreedUsecase.swift in Sources */ = {isa = PBXBuildFile; fileRef = 09CA471E290D523300FED777 /* GetFavouriteBreedUsecase.swift */; };
		09CA4721290D524500FED777 /* GetAllFavouriteBreedsUsecase.swift in Sources */ = {isa = PBXBuildFile; fileRef = 09CA4720290D524500FED777 /* GetAllFavouriteBreedsUsecase.swift */; };
		09CA4725290D527800FED777 /* FavouriteBreedRepository.swift in Sources */ = {isa = PBXBuildFile; fileRef = 09CA4724290D527800FED777 /* FavouriteBreedRepository.swift */; };
		09CA4727290D529100FED777 /* FavouriteBreedLocalDatasource.swift in Sources */ = {isa = PBXBuildFile; fileRef = 09CA4726290D529100FED777 /* FavouriteBreedLocalDatasource.swift */; };
		09CA4729290D5ACD00FED777 /* FavouriteBreedDependencyProvider.swift in Sources */ = {isa = PBXBuildFile; fileRef = 09CA4728290D5ACD00FED777 /* FavouriteBreedDependencyProvider.swift */; };
		09CA472B290D607200FED777 /* FavouriteBreedTableViewCell.swift in Sources */ = {isa = PBXBuildFile; fileRef = 09CA472A290D607200FED777 /* FavouriteBreedTableViewCell.swift */; };
		666E8004E65A6EE2EE9FBAC3 /* Pods_DogsBreedApp.framework in Frameworks */ = {isa = PBXBuildFile; fileRef = CE16DB2B4DFB9645D2A258A5 /* Pods_DogsBreedApp.framework */; };
/* End PBXBuildFile section */

/* Begin PBXFileReference section */
		091224B929086F2900911D1B /* DogsBreedApp.app */ = {isa = PBXFileReference; explicitFileType = wrapper.application; includeInIndex = 0; path = DogsBreedApp.app; sourceTree = BUILT_PRODUCTS_DIR; };
		091224D3290870F300911D1B /* Base */ = {isa = PBXFileReference; lastKnownFileType = file.storyboard; name = Base; path = Base.lproj/LaunchScreen.storyboard; sourceTree = "<group>"; };
		091224D5290870F300911D1B /* Base */ = {isa = PBXFileReference; lastKnownFileType = file.storyboard; name = Base; path = Base.lproj/Main.storyboard; sourceTree = "<group>"; };
		091224D7290870F300911D1B /* Assets.xcassets */ = {isa = PBXFileReference; lastKnownFileType = folder.assetcatalog; path = Assets.xcassets; sourceTree = "<group>"; };
		091224D8290870F300911D1B /* Info.plist */ = {isa = PBXFileReference; fileEncoding = 4; lastKnownFileType = text.plist.xml; path = Info.plist; sourceTree = "<group>"; };
		091224DA290870F300911D1B /* NetworkLayer.swift */ = {isa = PBXFileReference; fileEncoding = 4; lastKnownFileType = sourcecode.swift; path = NetworkLayer.swift; sourceTree = "<group>"; };
		091224DD290870F300911D1B /* AppDelegate.swift */ = {isa = PBXFileReference; fileEncoding = 4; lastKnownFileType = sourcecode.swift; path = AppDelegate.swift; sourceTree = "<group>"; };
		091224E2290870F300911D1B /* HomeViewController.swift */ = {isa = PBXFileReference; fileEncoding = 4; lastKnownFileType = sourcecode.swift; path = HomeViewController.swift; sourceTree = "<group>"; };
		091224EA290877E800911D1B /* NetworkManager.swift */ = {isa = PBXFileReference; lastKnownFileType = sourcecode.swift; path = NetworkManager.swift; sourceTree = "<group>"; };
		0934CC7B290C7B3900FDA506 /* AppDefaults.swift */ = {isa = PBXFileReference; lastKnownFileType = sourcecode.swift; path = AppDefaults.swift; sourceTree = "<group>"; };
		0934CC7E290C866000FDA506 /* ImageCollectionViewCell.swift */ = {isa = PBXFileReference; lastKnownFileType = sourcecode.swift; path = ImageCollectionViewCell.swift; sourceTree = "<group>"; };
		09672F6A290AFC1600F1C7D8 /* BaseViewController.swift */ = {isa = PBXFileReference; lastKnownFileType = sourcecode.swift; path = BaseViewController.swift; sourceTree = "<group>"; };
		09672F6C290B091600F1C7D8 /* GetBreedImagesUsecase.swift */ = {isa = PBXFileReference; lastKnownFileType = sourcecode.swift; path = GetBreedImagesUsecase.swift; sourceTree = "<group>"; };
		09672F6E290B09FF00F1C7D8 /* DogImageModel.swift */ = {isa = PBXFileReference; lastKnownFileType = sourcecode.swift; path = DogImageModel.swift; sourceTree = "<group>"; };
		09672F70290B0A4E00F1C7D8 /* BreedDetailRepository.swift */ = {isa = PBXFileReference; lastKnownFileType = sourcecode.swift; path = BreedDetailRepository.swift; sourceTree = "<group>"; };
		09672F72290B0A6800F1C7D8 /* BreedDetailRemoteDatasource.swift */ = {isa = PBXFileReference; lastKnownFileType = sourcecode.swift; path = BreedDetailRemoteDatasource.swift; sourceTree = "<group>"; };
		09672F74290B0E5300F1C7D8 /* ImageDownloader.swift */ = {isa = PBXFileReference; lastKnownFileType = sourcecode.swift; path = ImageDownloader.swift; sourceTree = "<group>"; };
		09B020502909B6FC00E6AF8A /* DogBreedsModel.swift */ = {isa = PBXFileReference; lastKnownFileType = sourcecode.swift; path = DogBreedsModel.swift; sourceTree = "<group>"; };
		09B020592909BCFC00E6AF8A /* HomeViewModel.swift */ = {isa = PBXFileReference; lastKnownFileType = sourcecode.swift; path = HomeViewModel.swift; sourceTree = "<group>"; };
		09B0205B2909BD0B00E6AF8A /* GetAllBreedsUsecase.swift */ = {isa = PBXFileReference; lastKnownFileType = sourcecode.swift; path = GetAllBreedsUsecase.swift; sourceTree = "<group>"; };
		09B0205F2909BD6700E6AF8A /* HomeDependencyProvider.swift */ = {isa = PBXFileReference; lastKnownFileType = sourcecode.swift; path = HomeDependencyProvider.swift; sourceTree = "<group>"; };
		09B020612909BE0300E6AF8A /* HomeRepository.swift */ = {isa = PBXFileReference; lastKnownFileType = sourcecode.swift; path = HomeRepository.swift; sourceTree = "<group>"; };
		09B020632909BE0D00E6AF8A /* HomeRemoteDatasource.swift */ = {isa = PBXFileReference; lastKnownFileType = sourcecode.swift; path = HomeRemoteDatasource.swift; sourceTree = "<group>"; };
		09B020652909CA8C00E6AF8A /* HomeTableViewCell.swift */ = {isa = PBXFileReference; lastKnownFileType = sourcecode.swift; path = HomeTableViewCell.swift; sourceTree = "<group>"; };
		09B020672909D08700E6AF8A /* AppRouter.swift */ = {isa = PBXFileReference; lastKnownFileType = sourcecode.swift; path = AppRouter.swift; sourceTree = "<group>"; };
		09B020692909D47700E6AF8A /* HomeNavigationViewController.swift */ = {isa = PBXFileReference; lastKnownFileType = sourcecode.swift; path = HomeNavigationViewController.swift; sourceTree = "<group>"; };
		09B0206B2909D4D400E6AF8A /* Extensions.swift */ = {isa = PBXFileReference; lastKnownFileType = sourcecode.swift; path = Extensions.swift; sourceTree = "<group>"; };
		09B0206D2909DDA100E6AF8A /* BreedDetailViewController.swift */ = {isa = PBXFileReference; lastKnownFileType = sourcecode.swift; path = BreedDetailViewController.swift; sourceTree = "<group>"; };
		09B0206F2909DE2E00E6AF8A /* BreedDetailDependencyProvider.swift */ = {isa = PBXFileReference; lastKnownFileType = sourcecode.swift; path = BreedDetailDependencyProvider.swift; sourceTree = "<group>"; };
		09B020712909DEC900E6AF8A /* BreedDetailViewModel.swift */ = {isa = PBXFileReference; lastKnownFileType = sourcecode.swift; path = BreedDetailViewModel.swift; sourceTree = "<group>"; };
		09B020732909DF4B00E6AF8A /* FavouriteBreedUsecase.swift */ = {isa = PBXFileReference; lastKnownFileType = sourcecode.swift; path = FavouriteBreedUsecase.swift; sourceTree = "<group>"; };
		09CA4712290D22F400FED777 /* DBManager.swift */ = {isa = PBXFileReference; lastKnownFileType = sourcecode.swift; path = DBManager.swift; sourceTree = "<group>"; };
		09CA4714290D235500FED777 /* RealmImageModel.swift */ = {isa = PBXFileReference; lastKnownFileType = sourcecode.swift; path = RealmImageModel.swift; sourceTree = "<group>"; };
		09CA4716290D4DFB00FED777 /* BreedNameCollectionViewCell.swift */ = {isa = PBXFileReference; lastKnownFileType = sourcecode.swift; path = BreedNameCollectionViewCell.swift; sourceTree = "<group>"; };
		09CA471A290D4EA800FED777 /* FavouriteBreedViewController.swift */ = {isa = PBXFileReference; lastKnownFileType = sourcecode.swift; path = FavouriteBreedViewController.swift; sourceTree = "<group>"; };
		09CA471C290D50FD00FED777 /* FavouriteBreedViewModel.swift */ = {isa = PBXFileReference; lastKnownFileType = sourcecode.swift; path = FavouriteBreedViewModel.swift; sourceTree = "<group>"; };
		09CA471E290D523300FED777 /* GetFavouriteBreedUsecase.swift */ = {isa = PBXFileReference; lastKnownFileType = sourcecode.swift; path = GetFavouriteBreedUsecase.swift; sourceTree = "<group>"; };
		09CA4720290D524500FED777 /* GetAllFavouriteBreedsUsecase.swift */ = {isa = PBXFileReference; lastKnownFileType = sourcecode.swift; path = GetAllFavouriteBreedsUsecase.swift; sourceTree = "<group>"; };
		09CA4724290D527800FED777 /* FavouriteBreedRepository.swift */ = {isa = PBXFileReference; lastKnownFileType = sourcecode.swift; path = FavouriteBreedRepository.swift; sourceTree = "<group>"; };
		09CA4726290D529100FED777 /* FavouriteBreedLocalDatasource.swift */ = {isa = PBXFileReference; lastKnownFileType = sourcecode.swift; path = FavouriteBreedLocalDatasource.swift; sourceTree = "<group>"; };
		09CA4728290D5ACD00FED777 /* FavouriteBreedDependencyProvider.swift */ = {isa = PBXFileReference; lastKnownFileType = sourcecode.swift; path = FavouriteBreedDependencyProvider.swift; sourceTree = "<group>"; };
		09CA472A290D607200FED777 /* FavouriteBreedTableViewCell.swift */ = {isa = PBXFileReference; lastKnownFileType = sourcecode.swift; path = FavouriteBreedTableViewCell.swift; sourceTree = "<group>"; };
		0B269E8153910AC455B23643 /* Pods-DogsBreedApp.release.xcconfig */ = {isa = PBXFileReference; includeInIndex = 1; lastKnownFileType = text.xcconfig; name = "Pods-DogsBreedApp.release.xcconfig"; path = "Target Support Files/Pods-DogsBreedApp/Pods-DogsBreedApp.release.xcconfig"; sourceTree = "<group>"; };
		8B1FE567DB80CC6FD7D5F3B1 /* Pods-DogsBreedApp.debug.xcconfig */ = {isa = PBXFileReference; includeInIndex = 1; lastKnownFileType = text.xcconfig; name = "Pods-DogsBreedApp.debug.xcconfig"; path = "Target Support Files/Pods-DogsBreedApp/Pods-DogsBreedApp.debug.xcconfig"; sourceTree = "<group>"; };
		CE16DB2B4DFB9645D2A258A5 /* Pods_DogsBreedApp.framework */ = {isa = PBXFileReference; explicitFileType = wrapper.framework; includeInIndex = 0; path = Pods_DogsBreedApp.framework; sourceTree = BUILT_PRODUCTS_DIR; };
/* End PBXFileReference section */

/* Begin PBXFrameworksBuildPhase section */
		091224B629086F2900911D1B /* Frameworks */ = {
			isa = PBXFrameworksBuildPhase;
			buildActionMask = 2147483647;
			files = (
				666E8004E65A6EE2EE9FBAC3 /* Pods_DogsBreedApp.framework in Frameworks */,
			);
			runOnlyForDeploymentPostprocessing = 0;
		};
/* End PBXFrameworksBuildPhase section */

/* Begin PBXGroup section */
		091224B029086F2900911D1B = {
			isa = PBXGroup;
			children = (
				091224D0290870F300911D1B /* DogsBreedApp */,
				091224BA29086F2900911D1B /* Products */,
				B6ADF3CC546A770D5DD002FE /* Pods */,
				44374C4AA162C42F35DAC93E /* Frameworks */,
			);
			sourceTree = "<group>";
		};
		091224BA29086F2900911D1B /* Products */ = {
			isa = PBXGroup;
			children = (
				091224B929086F2900911D1B /* DogsBreedApp.app */,
			);
			name = Products;
			sourceTree = "<group>";
		};
		091224D0290870F300911D1B /* DogsBreedApp */ = {
			isa = PBXGroup;
			children = (
				09CA4711290D1F7600FED777 /* DBManager */,
				091224DC290870F300911D1B /* Application */,
				091224D6290870F300911D1B /* Resources */,
				091224D9290870F300911D1B /* Network Layer */,
				091224DB290870F300911D1B /* Utilities */,
				091224D1290870F300911D1B /* Storyboards */,
				091224DE290870F300911D1B /* Modules */,
			);
			path = DogsBreedApp;
			sourceTree = "<group>";
		};
		091224D1290870F300911D1B /* Storyboards */ = {
			isa = PBXGroup;
			children = (
				091224D2290870F300911D1B /* LaunchScreen.storyboard */,
				091224D4290870F300911D1B /* Main.storyboard */,
			);
			path = Storyboards;
			sourceTree = "<group>";
		};
		091224D6290870F300911D1B /* Resources */ = {
			isa = PBXGroup;
			children = (
				091224D7290870F300911D1B /* Assets.xcassets */,
				091224D8290870F300911D1B /* Info.plist */,
			);
			path = Resources;
			sourceTree = "<group>";
		};
		091224D9290870F300911D1B /* Network Layer */ = {
			isa = PBXGroup;
			children = (
				091224DA290870F300911D1B /* NetworkLayer.swift */,
				091224EA290877E800911D1B /* NetworkManager.swift */,
			);
			path = "Network Layer";
			sourceTree = "<group>";
		};
		091224DB290870F300911D1B /* Utilities */ = {
			isa = PBXGroup;
			children = (
				09B020672909D08700E6AF8A /* AppRouter.swift */,
				09B0206B2909D4D400E6AF8A /* Extensions.swift */,
				09672F6A290AFC1600F1C7D8 /* BaseViewController.swift */,
				09672F74290B0E5300F1C7D8 /* ImageDownloader.swift */,
				0934CC7B290C7B3900FDA506 /* AppDefaults.swift */,
			);
			path = Utilities;
			sourceTree = "<group>";
		};
		091224DC290870F300911D1B /* Application */ = {
			isa = PBXGroup;
			children = (
				091224DD290870F300911D1B /* AppDelegate.swift */,
			);
			path = Application;
			sourceTree = "<group>";
		};
		091224DE290870F300911D1B /* Modules */ = {
			isa = PBXGroup;
			children = (
				09B0205E2909BD5500E6AF8A /* DependencyProvider */,
				091224DF290870F300911D1B /* Data */,
				091224E0290870F300911D1B /* Domain */,
				091224E1290870F300911D1B /* Presentation */,
			);
			path = Modules;
			sourceTree = "<group>";
		};
		091224DF290870F300911D1B /* Data */ = {
			isa = PBXGroup;
			children = (
				09B020582909B9B300E6AF8A /* DataSource */,
				09B020572909B9AC00E6AF8A /* Repository */,
			);
			path = Data;
			sourceTree = "<group>";
		};
		091224E0290870F300911D1B /* Domain */ = {
			isa = PBXGroup;
			children = (
				09B020522909B84F00E6AF8A /* UseCase */,
				09B020532909B85500E6AF8A /* Entity */,
			);
			path = Domain;
			sourceTree = "<group>";
		};
		091224E1290870F300911D1B /* Presentation */ = {
			isa = PBXGroup;
			children = (
				09B020562909B9A500E6AF8A /* View */,
				09B020542909B99A00E6AF8A /* ViewModel */,
			);
			path = Presentation;
			sourceTree = "<group>";
		};
		0934CC80290C8B2200FDA506 /* CollectionViewCells */ = {
			isa = PBXGroup;
			children = (
				0934CC7E290C866000FDA506 /* ImageCollectionViewCell.swift */,
				09CA4716290D4DFB00FED777 /* BreedNameCollectionViewCell.swift */,
			);
			name = CollectionViewCells;
			sourceTree = "<group>";
		};
		0934CC81290C8B2E00FDA506 /* TableViewCells */ = {
			isa = PBXGroup;
			children = (
				09B020652909CA8C00E6AF8A /* HomeTableViewCell.swift */,
				09CA472A290D607200FED777 /* FavouriteBreedTableViewCell.swift */,
			);
			name = TableViewCells;
			sourceTree = "<group>";
		};
		09B020522909B84F00E6AF8A /* UseCase */ = {
			isa = PBXGroup;
			children = (
				09B0205B2909BD0B00E6AF8A /* GetAllBreedsUsecase.swift */,
				09B020732909DF4B00E6AF8A /* FavouriteBreedUsecase.swift */,
				09672F6C290B091600F1C7D8 /* GetBreedImagesUsecase.swift */,
				09CA471E290D523300FED777 /* GetFavouriteBreedUsecase.swift */,
				09CA4720290D524500FED777 /* GetAllFavouriteBreedsUsecase.swift */,
			);
			name = UseCase;
			sourceTree = "<group>";
		};
		09B020532909B85500E6AF8A /* Entity */ = {
			isa = PBXGroup;
			children = (
				09B020502909B6FC00E6AF8A /* DogBreedsModel.swift */,
				09672F6E290B09FF00F1C7D8 /* DogImageModel.swift */,
			);
			name = Entity;
			sourceTree = "<group>";
		};
		09B020542909B99A00E6AF8A /* ViewModel */ = {
			isa = PBXGroup;
			children = (
				09B020592909BCFC00E6AF8A /* HomeViewModel.swift */,
				09B020712909DEC900E6AF8A /* BreedDetailViewModel.swift */,
				09CA471C290D50FD00FED777 /* FavouriteBreedViewModel.swift */,
			);
			name = ViewModel;
			sourceTree = "<group>";
		};
		09B020562909B9A500E6AF8A /* View */ = {
			isa = PBXGroup;
			children = (
				09CA4719290D4E7700FED777 /* NavControllers */,
				09CA4718290D4E6B00FED777 /* ViewControllers */,
				0934CC81290C8B2E00FDA506 /* TableViewCells */,
				0934CC80290C8B2200FDA506 /* CollectionViewCells */,
			);
			name = View;
			sourceTree = "<group>";
		};
		09B020572909B9AC00E6AF8A /* Repository */ = {
			isa = PBXGroup;
			children = (
				09B020612909BE0300E6AF8A /* HomeRepository.swift */,
				09672F70290B0A4E00F1C7D8 /* BreedDetailRepository.swift */,
				09CA4724290D527800FED777 /* FavouriteBreedRepository.swift */,
			);
			name = Repository;
			sourceTree = "<group>";
		};
		09B020582909B9B300E6AF8A /* DataSource */ = {
			isa = PBXGroup;
			children = (
				09CA4723290D525F00FED777 /* Local */,
				09CA4722290D525500FED777 /* Remote */,
			);
			name = DataSource;
			sourceTree = "<group>";
		};
		09B0205E2909BD5500E6AF8A /* DependencyProvider */ = {
			isa = PBXGroup;
			children = (
				09B0205F2909BD6700E6AF8A /* HomeDependencyProvider.swift */,
				09B0206F2909DE2E00E6AF8A /* BreedDetailDependencyProvider.swift */,
				09CA4728290D5ACD00FED777 /* FavouriteBreedDependencyProvider.swift */,
			);
			path = DependencyProvider;
			sourceTree = "<group>";
		};
		09CA4711290D1F7600FED777 /* DBManager */ = {
			isa = PBXGroup;
			children = (
				09CA4712290D22F400FED777 /* DBManager.swift */,
				09CA4714290D235500FED777 /* RealmImageModel.swift */,
			);
			path = DBManager;
			sourceTree = "<group>";
		};
		09CA4718290D4E6B00FED777 /* ViewControllers */ = {
			isa = PBXGroup;
			children = (
				091224E2290870F300911D1B /* HomeViewController.swift */,
				09B0206D2909DDA100E6AF8A /* BreedDetailViewController.swift */,
				09CA471A290D4EA800FED777 /* FavouriteBreedViewController.swift */,
			);
			name = ViewControllers;
			sourceTree = "<group>";
		};
		09CA4719290D4E7700FED777 /* NavControllers */ = {
			isa = PBXGroup;
			children = (
				09B020692909D47700E6AF8A /* HomeNavigationViewController.swift */,
			);
			name = NavControllers;
			sourceTree = "<group>";
		};
		09CA4722290D525500FED777 /* Remote */ = {
			isa = PBXGroup;
			children = (
				09672F72290B0A6800F1C7D8 /* BreedDetailRemoteDatasource.swift */,
				09B020632909BE0D00E6AF8A /* HomeRemoteDatasource.swift */,
			);
			name = Remote;
			sourceTree = "<group>";
		};
		09CA4723290D525F00FED777 /* Local */ = {
			isa = PBXGroup;
			children = (
				09CA4726290D529100FED777 /* FavouriteBreedLocalDatasource.swift */,
			);
			name = Local;
			sourceTree = "<group>";
		};
		44374C4AA162C42F35DAC93E /* Frameworks */ = {
			isa = PBXGroup;
			children = (
				CE16DB2B4DFB9645D2A258A5 /* Pods_DogsBreedApp.framework */,
			);
			name = Frameworks;
			sourceTree = "<group>";
		};
		B6ADF3CC546A770D5DD002FE /* Pods */ = {
			isa = PBXGroup;
			children = (
				8B1FE567DB80CC6FD7D5F3B1 /* Pods-DogsBreedApp.debug.xcconfig */,
				0B269E8153910AC455B23643 /* Pods-DogsBreedApp.release.xcconfig */,
			);
			path = Pods;
			sourceTree = "<group>";
		};
/* End PBXGroup section */

/* Begin PBXNativeTarget section */
		091224B829086F2900911D1B /* DogsBreedApp */ = {
			isa = PBXNativeTarget;
			buildConfigurationList = 091224CD29086F2A00911D1B /* Build configuration list for PBXNativeTarget "DogsBreedApp" */;
			buildPhases = (
				8CF2B92EA087D3160C32A912 /* [CP] Check Pods Manifest.lock */,
				091224B529086F2900911D1B /* Sources */,
				091224B629086F2900911D1B /* Frameworks */,
				091224B729086F2900911D1B /* Resources */,
				77046747ED76C67226E80660 /* [CP] Embed Pods Frameworks */,
			);
			buildRules = (
			);
			dependencies = (
			);
			name = DogsBreedApp;
			productName = DogsBreedApp;
			productReference = 091224B929086F2900911D1B /* DogsBreedApp.app */;
			productType = "com.apple.product-type.application";
		};
/* End PBXNativeTarget section */

/* Begin PBXProject section */
		091224B129086F2900911D1B /* Project object */ = {
			isa = PBXProject;
			attributes = {
				BuildIndependentTargetsInParallel = 1;
				LastSwiftUpdateCheck = 1340;
				LastUpgradeCheck = 1340;
				TargetAttributes = {
					091224B829086F2900911D1B = {
						CreatedOnToolsVersion = 13.4.1;
					};
				};
			};
			buildConfigurationList = 091224B429086F2900911D1B /* Build configuration list for PBXProject "DogsBreedApp" */;
			compatibilityVersion = "Xcode 13.0";
			developmentRegion = en;
			hasScannedForEncodings = 0;
			knownRegions = (
				en,
				Base,
			);
			mainGroup = 091224B029086F2900911D1B;
			productRefGroup = 091224BA29086F2900911D1B /* Products */;
			projectDirPath = "";
			projectRoot = "";
			targets = (
				091224B829086F2900911D1B /* DogsBreedApp */,
			);
		};
/* End PBXProject section */

/* Begin PBXResourcesBuildPhase section */
		091224B729086F2900911D1B /* Resources */ = {
			isa = PBXResourcesBuildPhase;
			buildActionMask = 2147483647;
			files = (
				091224E4290870F300911D1B /* Main.storyboard in Resources */,
				091224E3290870F300911D1B /* LaunchScreen.storyboard in Resources */,
				091224E5290870F300911D1B /* Assets.xcassets in Resources */,
			);
			runOnlyForDeploymentPostprocessing = 0;
		};
/* End PBXResourcesBuildPhase section */

/* Begin PBXShellScriptBuildPhase section */
		77046747ED76C67226E80660 /* [CP] Embed Pods Frameworks */ = {
			isa = PBXShellScriptBuildPhase;
			buildActionMask = 2147483647;
			files = (
			);
			inputFileListPaths = (
				"${PODS_ROOT}/Target Support Files/Pods-DogsBreedApp/Pods-DogsBreedApp-frameworks-${CONFIGURATION}-input-files.xcfilelist",
			);
			name = "[CP] Embed Pods Frameworks";
			outputFileListPaths = (
				"${PODS_ROOT}/Target Support Files/Pods-DogsBreedApp/Pods-DogsBreedApp-frameworks-${CONFIGURATION}-output-files.xcfilelist",
			);
			runOnlyForDeploymentPostprocessing = 0;
			shellPath = /bin/sh;
			shellScript = "\"${PODS_ROOT}/Target Support Files/Pods-DogsBreedApp/Pods-DogsBreedApp-frameworks.sh\"\n";
			showEnvVarsInLog = 0;
		};
		8CF2B92EA087D3160C32A912 /* [CP] Check Pods Manifest.lock */ = {
			isa = PBXShellScriptBuildPhase;
			buildActionMask = 2147483647;
			files = (
			);
			inputFileListPaths = (
			);
			inputPaths = (
				"${PODS_PODFILE_DIR_PATH}/Podfile.lock",
				"${PODS_ROOT}/Manifest.lock",
			);
			name = "[CP] Check Pods Manifest.lock";
			outputFileListPaths = (
			);
			outputPaths = (
				"$(DERIVED_FILE_DIR)/Pods-DogsBreedApp-checkManifestLockResult.txt",
			);
			runOnlyForDeploymentPostprocessing = 0;
			shellPath = /bin/sh;
			shellScript = "diff \"${PODS_PODFILE_DIR_PATH}/Podfile.lock\" \"${PODS_ROOT}/Manifest.lock\" > /dev/null\nif [ $? != 0 ] ; then\n    # print error to STDERR\n    echo \"error: The sandbox is not in sync with the Podfile.lock. Run 'pod install' or update your CocoaPods installation.\" >&2\n    exit 1\nfi\n# This output is used by Xcode 'outputs' to avoid re-running this script phase.\necho \"SUCCESS\" > \"${SCRIPT_OUTPUT_FILE_0}\"\n";
			showEnvVarsInLog = 0;
		};
/* End PBXShellScriptBuildPhase section */

/* Begin PBXSourcesBuildPhase section */
		091224B529086F2900911D1B /* Sources */ = {
			isa = PBXSourcesBuildPhase;
			buildActionMask = 2147483647;
			files = (
				09672F73290B0A6800F1C7D8 /* BreedDetailRemoteDatasource.swift in Sources */,
				091224EB290877E800911D1B /* NetworkManager.swift in Sources */,
				0934CC7F290C866000FDA506 /* ImageCollectionViewCell.swift in Sources */,
				09B020722909DEC900E6AF8A /* BreedDetailViewModel.swift in Sources */,
				09B0205A2909BCFC00E6AF8A /* HomeViewModel.swift in Sources */,
				09CA4727290D529100FED777 /* FavouriteBreedLocalDatasource.swift in Sources */,
				09B020602909BD6700E6AF8A /* HomeDependencyProvider.swift in Sources */,
				09672F6B290AFC1600F1C7D8 /* BaseViewController.swift in Sources */,
				091224E9290870F300911D1B /* HomeViewController.swift in Sources */,
				09B020512909B6FC00E6AF8A /* DogBreedsModel.swift in Sources */,
				09CA472B290D607200FED777 /* FavouriteBreedTableViewCell.swift in Sources */,
				09B020702909DE2E00E6AF8A /* BreedDetailDependencyProvider.swift in Sources */,
				09672F6F290B09FF00F1C7D8 /* DogImageModel.swift in Sources */,
				09672F75290B0E5300F1C7D8 /* ImageDownloader.swift in Sources */,
				09CA4717290D4DFB00FED777 /* BreedNameCollectionViewCell.swift in Sources */,
				09CA4729290D5ACD00FED777 /* FavouriteBreedDependencyProvider.swift in Sources */,
				09B020662909CA8C00E6AF8A /* HomeTableViewCell.swift in Sources */,
				091224E7290870F300911D1B /* NetworkLayer.swift in Sources */,
				091224E8290870F300911D1B /* AppDelegate.swift in Sources */,
				09B020682909D08700E6AF8A /* AppRouter.swift in Sources */,
				09B0206A2909D47700E6AF8A /* HomeNavigationViewController.swift in Sources */,
				09B0206E2909DDA100E6AF8A /* BreedDetailViewController.swift in Sources */,
				09672F71290B0A4E00F1C7D8 /* BreedDetailRepository.swift in Sources */,
				09B020642909BE0D00E6AF8A /* HomeRemoteDatasource.swift in Sources */,
				09CA471D290D50FD00FED777 /* FavouriteBreedViewModel.swift in Sources */,
				09B020742909DF4B00E6AF8A /* FavouriteBreedUsecase.swift in Sources */,
				09B020622909BE0300E6AF8A /* HomeRepository.swift in Sources */,
				09CA471B290D4EA800FED777 /* FavouriteBreedViewController.swift in Sources */,
				09CA471F290D523300FED777 /* GetFavouriteBreedUsecase.swift in Sources */,
				09CA4725290D527800FED777 /* FavouriteBreedRepository.swift in Sources */,
				09CA4713290D22F400FED777 /* DBManager.swift in Sources */,
				0934CC7C290C7B3900FDA506 /* AppDefaults.swift in Sources */,
				09B0205C2909BD0B00E6AF8A /* GetAllBreedsUsecase.swift in Sources */,
				09B0206C2909D4D400E6AF8A /* Extensions.swift in Sources */,
				09CA4721290D524500FED777 /* GetAllFavouriteBreedsUsecase.swift in Sources */,
				09672F6D290B091600F1C7D8 /* GetBreedImagesUsecase.swift in Sources */,
				09CA4715290D235500FED777 /* RealmImageModel.swift in Sources */,
			);
			runOnlyForDeploymentPostprocessing = 0;
		};
/* End PBXSourcesBuildPhase section */

/* Begin PBXVariantGroup section */
		091224D2290870F300911D1B /* LaunchScreen.storyboard */ = {
			isa = PBXVariantGroup;
			children = (
				091224D3290870F300911D1B /* Base */,
			);
			name = LaunchScreen.storyboard;
			sourceTree = "<group>";
		};
		091224D4290870F300911D1B /* Main.storyboard */ = {
			isa = PBXVariantGroup;
			children = (
				091224D5290870F300911D1B /* Base */,
			);
			name = Main.storyboard;
			sourceTree = "<group>";
		};
/* End PBXVariantGroup section */

/* Begin XCBuildConfiguration section */
		091224CB29086F2A00911D1B /* Debug */ = {
			isa = XCBuildConfiguration;
			buildSettings = {
				ALWAYS_SEARCH_USER_PATHS = NO;
				CLANG_ANALYZER_NONNULL = YES;
				CLANG_ANALYZER_NUMBER_OBJECT_CONVERSION = YES_AGGRESSIVE;
				CLANG_CXX_LANGUAGE_STANDARD = "gnu++17";
				CLANG_ENABLE_MODULES = YES;
				CLANG_ENABLE_OBJC_ARC = YES;
				CLANG_ENABLE_OBJC_WEAK = YES;
				CLANG_WARN_BLOCK_CAPTURE_AUTORELEASING = YES;
				CLANG_WARN_BOOL_CONVERSION = YES;
				CLANG_WARN_COMMA = YES;
				CLANG_WARN_CONSTANT_CONVERSION = YES;
				CLANG_WARN_DEPRECATED_OBJC_IMPLEMENTATIONS = YES;
				CLANG_WARN_DIRECT_OBJC_ISA_USAGE = YES_ERROR;
				CLANG_WARN_DOCUMENTATION_COMMENTS = YES;
				CLANG_WARN_EMPTY_BODY = YES;
				CLANG_WARN_ENUM_CONVERSION = YES;
				CLANG_WARN_INFINITE_RECURSION = YES;
				CLANG_WARN_INT_CONVERSION = YES;
				CLANG_WARN_NON_LITERAL_NULL_CONVERSION = YES;
				CLANG_WARN_OBJC_IMPLICIT_RETAIN_SELF = YES;
				CLANG_WARN_OBJC_LITERAL_CONVERSION = YES;
				CLANG_WARN_OBJC_ROOT_CLASS = YES_ERROR;
				CLANG_WARN_QUOTED_INCLUDE_IN_FRAMEWORK_HEADER = YES;
				CLANG_WARN_RANGE_LOOP_ANALYSIS = YES;
				CLANG_WARN_STRICT_PROTOTYPES = YES;
				CLANG_WARN_SUSPICIOUS_MOVE = YES;
				CLANG_WARN_UNGUARDED_AVAILABILITY = YES_AGGRESSIVE;
				CLANG_WARN_UNREACHABLE_CODE = YES;
				CLANG_WARN__DUPLICATE_METHOD_MATCH = YES;
				COPY_PHASE_STRIP = NO;
				DEBUG_INFORMATION_FORMAT = dwarf;
				ENABLE_STRICT_OBJC_MSGSEND = YES;
				ENABLE_TESTABILITY = YES;
				GCC_C_LANGUAGE_STANDARD = gnu11;
				GCC_DYNAMIC_NO_PIC = NO;
				GCC_NO_COMMON_BLOCKS = YES;
				GCC_OPTIMIZATION_LEVEL = 0;
				GCC_PREPROCESSOR_DEFINITIONS = (
					"DEBUG=1",
					"$(inherited)",
				);
				GCC_WARN_64_TO_32_BIT_CONVERSION = YES;
				GCC_WARN_ABOUT_RETURN_TYPE = YES_ERROR;
				GCC_WARN_UNDECLARED_SELECTOR = YES;
				GCC_WARN_UNINITIALIZED_AUTOS = YES_AGGRESSIVE;
				GCC_WARN_UNUSED_FUNCTION = YES;
				GCC_WARN_UNUSED_VARIABLE = YES;
				IPHONEOS_DEPLOYMENT_TARGET = 15.5;
				MTL_ENABLE_DEBUG_INFO = INCLUDE_SOURCE;
				MTL_FAST_MATH = YES;
				ONLY_ACTIVE_ARCH = YES;
				SDKROOT = iphoneos;
				SWIFT_ACTIVE_COMPILATION_CONDITIONS = DEBUG;
				SWIFT_OPTIMIZATION_LEVEL = "-Onone";
			};
			name = Debug;
		};
		091224CC29086F2A00911D1B /* Release */ = {
			isa = XCBuildConfiguration;
			buildSettings = {
				ALWAYS_SEARCH_USER_PATHS = NO;
				CLANG_ANALYZER_NONNULL = YES;
				CLANG_ANALYZER_NUMBER_OBJECT_CONVERSION = YES_AGGRESSIVE;
				CLANG_CXX_LANGUAGE_STANDARD = "gnu++17";
				CLANG_ENABLE_MODULES = YES;
				CLANG_ENABLE_OBJC_ARC = YES;
				CLANG_ENABLE_OBJC_WEAK = YES;
				CLANG_WARN_BLOCK_CAPTURE_AUTORELEASING = YES;
				CLANG_WARN_BOOL_CONVERSION = YES;
				CLANG_WARN_COMMA = YES;
				CLANG_WARN_CONSTANT_CONVERSION = YES;
				CLANG_WARN_DEPRECATED_OBJC_IMPLEMENTATIONS = YES;
				CLANG_WARN_DIRECT_OBJC_ISA_USAGE = YES_ERROR;
				CLANG_WARN_DOCUMENTATION_COMMENTS = YES;
				CLANG_WARN_EMPTY_BODY = YES;
				CLANG_WARN_ENUM_CONVERSION = YES;
				CLANG_WARN_INFINITE_RECURSION = YES;
				CLANG_WARN_INT_CONVERSION = YES;
				CLANG_WARN_NON_LITERAL_NULL_CONVERSION = YES;
				CLANG_WARN_OBJC_IMPLICIT_RETAIN_SELF = YES;
				CLANG_WARN_OBJC_LITERAL_CONVERSION = YES;
				CLANG_WARN_OBJC_ROOT_CLASS = YES_ERROR;
				CLANG_WARN_QUOTED_INCLUDE_IN_FRAMEWORK_HEADER = YES;
				CLANG_WARN_RANGE_LOOP_ANALYSIS = YES;
				CLANG_WARN_STRICT_PROTOTYPES = YES;
				CLANG_WARN_SUSPICIOUS_MOVE = YES;
				CLANG_WARN_UNGUARDED_AVAILABILITY = YES_AGGRESSIVE;
				CLANG_WARN_UNREACHABLE_CODE = YES;
				CLANG_WARN__DUPLICATE_METHOD_MATCH = YES;
				COPY_PHASE_STRIP = NO;
				DEBUG_INFORMATION_FORMAT = "dwarf-with-dsym";
				ENABLE_NS_ASSERTIONS = NO;
				ENABLE_STRICT_OBJC_MSGSEND = YES;
				GCC_C_LANGUAGE_STANDARD = gnu11;
				GCC_NO_COMMON_BLOCKS = YES;
				GCC_WARN_64_TO_32_BIT_CONVERSION = YES;
				GCC_WARN_ABOUT_RETURN_TYPE = YES_ERROR;
				GCC_WARN_UNDECLARED_SELECTOR = YES;
				GCC_WARN_UNINITIALIZED_AUTOS = YES_AGGRESSIVE;
				GCC_WARN_UNUSED_FUNCTION = YES;
				GCC_WARN_UNUSED_VARIABLE = YES;
				IPHONEOS_DEPLOYMENT_TARGET = 15.5;
				MTL_ENABLE_DEBUG_INFO = NO;
				MTL_FAST_MATH = YES;
				SDKROOT = iphoneos;
				SWIFT_COMPILATION_MODE = wholemodule;
				SWIFT_OPTIMIZATION_LEVEL = "-O";
				VALIDATE_PRODUCT = YES;
			};
			name = Release;
		};
		091224CE29086F2A00911D1B /* Debug */ = {
			isa = XCBuildConfiguration;
			baseConfigurationReference = 8B1FE567DB80CC6FD7D5F3B1 /* Pods-DogsBreedApp.debug.xcconfig */;
			buildSettings = {
				ASSETCATALOG_COMPILER_APPICON_NAME = AppIcon;
				ASSETCATALOG_COMPILER_GLOBAL_ACCENT_COLOR_NAME = AccentColor;
				CODE_SIGN_STYLE = Automatic;
				CURRENT_PROJECT_VERSION = 1;
				DEVELOPMENT_TEAM = XML5929TVD;
				GENERATE_INFOPLIST_FILE = YES;
				INFOPLIST_FILE = DogsBreedApp/Resources/Info.plist;
				INFOPLIST_KEY_UIApplicationSupportsIndirectInputEvents = YES;
				INFOPLIST_KEY_UILaunchStoryboardName = LaunchScreen;
				INFOPLIST_KEY_UIMainStoryboardFile = Main;
				INFOPLIST_KEY_UISupportedInterfaceOrientations_iPad = "UIInterfaceOrientationPortrait UIInterfaceOrientationPortraitUpsideDown UIInterfaceOrientationLandscapeLeft UIInterfaceOrientationLandscapeRight";
				INFOPLIST_KEY_UISupportedInterfaceOrientations_iPhone = "UIInterfaceOrientationPortrait UIInterfaceOrientationLandscapeLeft UIInterfaceOrientationLandscapeRight";
				LD_RUNPATH_SEARCH_PATHS = (
					"$(inherited)",
					"@executable_path/Frameworks",
				);
				MARKETING_VERSION = 1.0;
				PRODUCT_BUNDLE_IDENTIFIER = faraz.DogsBreedApp;
				PRODUCT_NAME = "$(TARGET_NAME)";
				SWIFT_EMIT_LOC_STRINGS = YES;
				SWIFT_VERSION = 5.0;
				TARGETED_DEVICE_FAMILY = "1,2";
			};
			name = Debug;
		};
		091224CF29086F2A00911D1B /* Release */ = {
			isa = XCBuildConfiguration;
			baseConfigurationReference = 0B269E8153910AC455B23643 /* Pods-DogsBreedApp.release.xcconfig */;
			buildSettings = {
				ASSETCATALOG_COMPILER_APPICON_NAME = AppIcon;
				ASSETCATALOG_COMPILER_GLOBAL_ACCENT_COLOR_NAME = AccentColor;
				CODE_SIGN_STYLE = Automatic;
				CURRENT_PROJECT_VERSION = 1;
				DEVELOPMENT_TEAM = XML5929TVD;
				GENERATE_INFOPLIST_FILE = YES;
				INFOPLIST_FILE = DogsBreedApp/Resources/Info.plist;
				INFOPLIST_KEY_UIApplicationSupportsIndirectInputEvents = YES;
				INFOPLIST_KEY_UILaunchStoryboardName = LaunchScreen;
				INFOPLIST_KEY_UIMainStoryboardFile = Main;
				INFOPLIST_KEY_UISupportedInterfaceOrientations_iPad = "UIInterfaceOrientationPortrait UIInterfaceOrientationPortraitUpsideDown UIInterfaceOrientationLandscapeLeft UIInterfaceOrientationLandscapeRight";
				INFOPLIST_KEY_UISupportedInterfaceOrientations_iPhone = "UIInterfaceOrientationPortrait UIInterfaceOrientationLandscapeLeft UIInterfaceOrientationLandscapeRight";
				LD_RUNPATH_SEARCH_PATHS = (
					"$(inherited)",
					"@executable_path/Frameworks",
				);
				MARKETING_VERSION = 1.0;
				PRODUCT_BUNDLE_IDENTIFIER = faraz.DogsBreedApp;
				PRODUCT_NAME = "$(TARGET_NAME)";
				SWIFT_EMIT_LOC_STRINGS = YES;
				SWIFT_VERSION = 5.0;
				TARGETED_DEVICE_FAMILY = "1,2";
			};
			name = Release;
		};
/* End XCBuildConfiguration section */

/* Begin XCConfigurationList section */
		091224B429086F2900911D1B /* Build configuration list for PBXProject "DogsBreedApp" */ = {
			isa = XCConfigurationList;
			buildConfigurations = (
				091224CB29086F2A00911D1B /* Debug */,
				091224CC29086F2A00911D1B /* Release */,
			);
			defaultConfigurationIsVisible = 0;
			defaultConfigurationName = Release;
		};
		091224CD29086F2A00911D1B /* Build configuration list for PBXNativeTarget "DogsBreedApp" */ = {
			isa = XCConfigurationList;
			buildConfigurations = (
				091224CE29086F2A00911D1B /* Debug */,
				091224CF29086F2A00911D1B /* Release */,
			);
			defaultConfigurationIsVisible = 0;
			defaultConfigurationName = Release;
		};
/* End XCConfigurationList section */
	};
	rootObject = 091224B129086F2900911D1B /* Project object */;
}
